
Microsoft Visual Studio Solution File, Format Version 12.00
# Visual Studio Version 16
VisualStudioVersion = 16.0.31702.278
MinimumVisualStudioVersion = 10.0.40219.1
Project("{FAE04EC0-301F-11D3-BF4B-00C04F79EFBC}") = "CA210929_2", "CA210929_2\CA210929_2.csproj", "{F0797807-E5E0-40A6-B5C5-4211A73E78B3}"
EndProject
Global
	GlobalSection(SolutionConfigurationPlatforms) = preSolution
		Debug|Any CPU = Debug|Any CPU
		Release|Any CPU = Release|Any CPU
	EndGlobalSection
	GlobalSection(ProjectConfigurationPlatforms) = postSolution
		{F0797807-E5E0-40A6-B5C5-4211A73E78B3}.Debug|Any CPU.ActiveCfg = Debug|Any CPU
		{F0797807-E5E0-40A6-B5C5-4211A73E78B3}.Debug|Any CPU.Build.0 = Debug|Any CPU
		{F0797807-E5E0-40A6-B5C5-4211A73E78B3}.Release|Any CPU.ActiveCfg = Release|Any CPU
		{F0797807-E5E0-40A6-B5C5-4211A73E78B3}.Release|Any CPU.Build.0 = Release|Any CPU
	EndGlobalSection
	GlobalSection(SolutionProperties) = preSolution
		HideSolutionNode = FALSE
	EndGlobalSection
	GlobalSection(ExtensibilityGlobals) = postSolution
		SolutionGuid = {88449CF2-BC7F-4B1F-AEDF-09696D20A634}
	EndGlobalSection
EndGlobal
